// !$*UTF8*$!
{
	archiveVersion = 1;
	classes = {
	};
	objectVersion = 52;
	objects = {

/* Begin PBXBuildFile section */
		A70CBCCF27596EDA00AA5FB9 /* Tests_iOS.swift in Sources */ = {isa = PBXBuildFile; fileRef = A70CBCCE27596EDA00AA5FB9 /* Tests_iOS.swift */; };
		A70CBCDA27596EDA00AA5FB9 /* Tests_macOS.swift in Sources */ = {isa = PBXBuildFile; fileRef = A70CBCD927596EDA00AA5FB9 /* Tests_macOS.swift */; };
		A70CBCDC27596EDA00AA5FB9 /* coinflowApp.swift in Sources */ = {isa = PBXBuildFile; fileRef = A70CBCB327596ED800AA5FB9 /* coinflowApp.swift */; };
		A70CBCDD27596EDA00AA5FB9 /* coinflowApp.swift in Sources */ = {isa = PBXBuildFile; fileRef = A70CBCB327596ED800AA5FB9 /* coinflowApp.swift */; };
		A70CBCDE27596EDA00AA5FB9 /* ContentView.swift in Sources */ = {isa = PBXBuildFile; fileRef = A70CBCB427596ED800AA5FB9 /* ContentView.swift */; };
		A70CBCDF27596EDA00AA5FB9 /* ContentView.swift in Sources */ = {isa = PBXBuildFile; fileRef = A70CBCB427596ED800AA5FB9 /* ContentView.swift */; };
		A70CBCE027596EDA00AA5FB9 /* Assets.xcassets in Resources */ = {isa = PBXBuildFile; fileRef = A70CBCB527596EDA00AA5FB9 /* Assets.xcassets */; };
		A70CBCE127596EDA00AA5FB9 /* Assets.xcassets in Resources */ = {isa = PBXBuildFile; fileRef = A70CBCB527596EDA00AA5FB9 /* Assets.xcassets */; };
		A70CBD35275AC56C00AA5FB9 /* SwiftPieChart in Frameworks */ = {isa = PBXBuildFile; productRef = A70CBD34275AC56C00AA5FB9 /* SwiftPieChart */; };
		A70CBD39275BAE4700AA5FB9 /* HomeView.swift in Sources */ = {isa = PBXBuildFile; fileRef = A70CBD38275BAE4700AA5FB9 /* HomeView.swift */; };
		A70CBD3B275BB0C300AA5FB9 /* HistoryView.swift in Sources */ = {isa = PBXBuildFile; fileRef = A70CBD3A275BB0C300AA5FB9 /* HistoryView.swift */; };
		A70CBD3E275BD31900AA5FB9 /* Realm in Frameworks */ = {isa = PBXBuildFile; productRef = A70CBD3D275BD31900AA5FB9 /* Realm */; };
		A70CBD40275BD31900AA5FB9 /* RealmSwift in Frameworks */ = {isa = PBXBuildFile; productRef = A70CBD3F275BD31900AA5FB9 /* RealmSwift */; };
		A7C125E1276544DD007904F4 /* Expenses.swift in Sources */ = {isa = PBXBuildFile; fileRef = A7C125E0276544DD007904F4 /* Expenses.swift */; };
		A7C125E42765469C007904F4 /* ExpensesManager.swift in Sources */ = {isa = PBXBuildFile; fileRef = A7C125E32765469C007904F4 /* ExpensesManager.swift */; };
		A7C125E52765486B007904F4 /* HistoryView.swift in Sources */ = {isa = PBXBuildFile; fileRef = A70CBD3A275BB0C300AA5FB9 /* HistoryView.swift */; };
		A7C125E727668C57007904F4 /* DBItem.swift in Sources */ = {isa = PBXBuildFile; fileRef = A7C125E627668C57007904F4 /* DBItem.swift */; };
		A7C125E927668D5B007904F4 /* DBViewModel.swift in Sources */ = {isa = PBXBuildFile; fileRef = A7C125E827668D5B007904F4 /* DBViewModel.swift */; };
		A7C125EB2769DB3D007904F4 /* Test.swift in Sources */ = {isa = PBXBuildFile; fileRef = A7C125EA2769DB3D007904F4 /* Test.swift */; };
/* End PBXBuildFile section */

/* Begin PBXContainerItemProxy section */
		A70CBCCB27596EDA00AA5FB9 /* PBXContainerItemProxy */ = {
			isa = PBXContainerItemProxy;
			containerPortal = A70CBCAE27596ED800AA5FB9 /* Project object */;
			proxyType = 1;
			remoteGlobalIDString = A70CBCB927596EDA00AA5FB9;
			remoteInfo = "coinflow (iOS)";
		};
		A70CBCD627596EDA00AA5FB9 /* PBXContainerItemProxy */ = {
			isa = PBXContainerItemProxy;
			containerPortal = A70CBCAE27596ED800AA5FB9 /* Project object */;
			proxyType = 1;
			remoteGlobalIDString = A70CBCC127596EDA00AA5FB9;
			remoteInfo = "coinflow (macOS)";
		};
/* End PBXContainerItemProxy section */

/* Begin PBXFileReference section */
		A70CBCB327596ED800AA5FB9 /* coinflowApp.swift */ = {isa = PBXFileReference; lastKnownFileType = sourcecode.swift; path = coinflowApp.swift; sourceTree = "<group>"; };
		A70CBCB427596ED800AA5FB9 /* ContentView.swift */ = {isa = PBXFileReference; lastKnownFileType = sourcecode.swift; path = ContentView.swift; sourceTree = "<group>"; };
		A70CBCB527596EDA00AA5FB9 /* Assets.xcassets */ = {isa = PBXFileReference; lastKnownFileType = folder.assetcatalog; path = Assets.xcassets; sourceTree = "<group>"; };
		A70CBCBA27596EDA00AA5FB9 /* coinflow.app */ = {isa = PBXFileReference; explicitFileType = wrapper.application; includeInIndex = 0; path = coinflow.app; sourceTree = BUILT_PRODUCTS_DIR; };
		A70CBCBD27596EDA00AA5FB9 /* Info.plist */ = {isa = PBXFileReference; lastKnownFileType = text.plist.xml; path = Info.plist; sourceTree = "<group>"; };
		A70CBCC227596EDA00AA5FB9 /* coinflow.app */ = {isa = PBXFileReference; explicitFileType = wrapper.application; includeInIndex = 0; path = coinflow.app; sourceTree = BUILT_PRODUCTS_DIR; };
		A70CBCC427596EDA00AA5FB9 /* Info.plist */ = {isa = PBXFileReference; lastKnownFileType = text.plist.xml; path = Info.plist; sourceTree = "<group>"; };
		A70CBCC527596EDA00AA5FB9 /* macOS.entitlements */ = {isa = PBXFileReference; lastKnownFileType = text.plist.entitlements; path = macOS.entitlements; sourceTree = "<group>"; };
		A70CBCCA27596EDA00AA5FB9 /* Tests iOS.xctest */ = {isa = PBXFileReference; explicitFileType = wrapper.cfbundle; includeInIndex = 0; path = "Tests iOS.xctest"; sourceTree = BUILT_PRODUCTS_DIR; };
		A70CBCCE27596EDA00AA5FB9 /* Tests_iOS.swift */ = {isa = PBXFileReference; lastKnownFileType = sourcecode.swift; path = Tests_iOS.swift; sourceTree = "<group>"; };
		A70CBCD027596EDA00AA5FB9 /* Info.plist */ = {isa = PBXFileReference; lastKnownFileType = text.plist.xml; path = Info.plist; sourceTree = "<group>"; };
		A70CBCD527596EDA00AA5FB9 /* Tests macOS.xctest */ = {isa = PBXFileReference; explicitFileType = wrapper.cfbundle; includeInIndex = 0; path = "Tests macOS.xctest"; sourceTree = BUILT_PRODUCTS_DIR; };
		A70CBCD927596EDA00AA5FB9 /* Tests_macOS.swift */ = {isa = PBXFileReference; lastKnownFileType = sourcecode.swift; path = Tests_macOS.swift; sourceTree = "<group>"; };
		A70CBCDB27596EDA00AA5FB9 /* Info.plist */ = {isa = PBXFileReference; lastKnownFileType = text.plist.xml; path = Info.plist; sourceTree = "<group>"; };
		A70CBD38275BAE4700AA5FB9 /* HomeView.swift */ = {isa = PBXFileReference; lastKnownFileType = sourcecode.swift; path = HomeView.swift; sourceTree = "<group>"; };
		A70CBD3A275BB0C300AA5FB9 /* HistoryView.swift */ = {isa = PBXFileReference; lastKnownFileType = sourcecode.swift; path = HistoryView.swift; sourceTree = "<group>"; };
		A7C125E0276544DD007904F4 /* Expenses.swift */ = {isa = PBXFileReference; lastKnownFileType = sourcecode.swift; path = Expenses.swift; sourceTree = "<group>"; };
		A7C125E32765469C007904F4 /* ExpensesManager.swift */ = {isa = PBXFileReference; lastKnownFileType = sourcecode.swift; path = ExpensesManager.swift; sourceTree = "<group>"; };
		A7C125E627668C57007904F4 /* DBItem.swift */ = {isa = PBXFileReference; lastKnownFileType = sourcecode.swift; path = DBItem.swift; sourceTree = "<group>"; };
		A7C125E827668D5B007904F4 /* DBViewModel.swift */ = {isa = PBXFileReference; lastKnownFileType = sourcecode.swift; path = DBViewModel.swift; sourceTree = "<group>"; };
		A7C125EA2769DB3D007904F4 /* Test.swift */ = {isa = PBXFileReference; lastKnownFileType = sourcecode.swift; path = Test.swift; sourceTree = "<group>"; };
/* End PBXFileReference section */

/* Begin PBXFrameworksBuildPhase section */
		A70CBCB727596EDA00AA5FB9 /* Frameworks */ = {
			isa = PBXFrameworksBuildPhase;
			buildActionMask = 2147483647;
			files = (
				A70CBD40275BD31900AA5FB9 /* RealmSwift in Frameworks */,
				A70CBD3E275BD31900AA5FB9 /* Realm in Frameworks */,
				A70CBD35275AC56C00AA5FB9 /* SwiftPieChart in Frameworks */,
			);
			runOnlyForDeploymentPostprocessing = 0;
		};
		A70CBCBF27596EDA00AA5FB9 /* Frameworks */ = {
			isa = PBXFrameworksBuildPhase;
			buildActionMask = 2147483647;
			files = (
			);
			runOnlyForDeploymentPostprocessing = 0;
		};
		A70CBCC727596EDA00AA5FB9 /* Frameworks */ = {
			isa = PBXFrameworksBuildPhase;
			buildActionMask = 2147483647;
			files = (
			);
			runOnlyForDeploymentPostprocessing = 0;
		};
		A70CBCD227596EDA00AA5FB9 /* Frameworks */ = {
			isa = PBXFrameworksBuildPhase;
			buildActionMask = 2147483647;
			files = (
			);
			runOnlyForDeploymentPostprocessing = 0;
		};
/* End PBXFrameworksBuildPhase section */

/* Begin PBXGroup section */
		A70CBCAD27596ED800AA5FB9 = {
			isa = PBXGroup;
			children = (
				A7C125EA2769DB3D007904F4 /* Test.swift */,
				A70CBCB227596ED800AA5FB9 /* Shared */,
				A70CBCBC27596EDA00AA5FB9 /* iOS */,
				A70CBCC327596EDA00AA5FB9 /* macOS */,
				A70CBCCD27596EDA00AA5FB9 /* Tests iOS */,
				A70CBCD827596EDA00AA5FB9 /* Tests macOS */,
				A70CBCBB27596EDA00AA5FB9 /* Products */,
			);
			sourceTree = "<group>";
		};
		A70CBCB227596ED800AA5FB9 /* Shared */ = {
			isa = PBXGroup;
			children = (
				A7C125DF27654482007904F4 /* ViewModel */,
				A7C125DE27654479007904F4 /* Model */,
				A7C125DD2765446D007904F4 /* Views */,
				A70CBCB327596ED800AA5FB9 /* coinflowApp.swift */,
				A70CBCB527596EDA00AA5FB9 /* Assets.xcassets */,
			);
			path = Shared;
			sourceTree = "<group>";
		};
		A70CBCBB27596EDA00AA5FB9 /* Products */ = {
			isa = PBXGroup;
			children = (
				A70CBCBA27596EDA00AA5FB9 /* coinflow.app */,
				A70CBCC227596EDA00AA5FB9 /* coinflow.app */,
				A70CBCCA27596EDA00AA5FB9 /* Tests iOS.xctest */,
				A70CBCD527596EDA00AA5FB9 /* Tests macOS.xctest */,
			);
			name = Products;
			sourceTree = "<group>";
		};
		A70CBCBC27596EDA00AA5FB9 /* iOS */ = {
			isa = PBXGroup;
			children = (
				A70CBCBD27596EDA00AA5FB9 /* Info.plist */,
			);
			path = iOS;
			sourceTree = "<group>";
		};
		A70CBCC327596EDA00AA5FB9 /* macOS */ = {
			isa = PBXGroup;
			children = (
				A70CBCC427596EDA00AA5FB9 /* Info.plist */,
				A70CBCC527596EDA00AA5FB9 /* macOS.entitlements */,
			);
			path = macOS;
			sourceTree = "<group>";
		};
		A70CBCCD27596EDA00AA5FB9 /* Tests iOS */ = {
			isa = PBXGroup;
			children = (
				A70CBCCE27596EDA00AA5FB9 /* Tests_iOS.swift */,
				A70CBCD027596EDA00AA5FB9 /* Info.plist */,
			);
			path = "Tests iOS";
			sourceTree = "<group>";
		};
		A70CBCD827596EDA00AA5FB9 /* Tests macOS */ = {
			isa = PBXGroup;
			children = (
				A70CBCD927596EDA00AA5FB9 /* Tests_macOS.swift */,
				A70CBCDB27596EDA00AA5FB9 /* Info.plist */,
			);
			path = "Tests macOS";
			sourceTree = "<group>";
		};
		A7C125DD2765446D007904F4 /* Views */ = {
			isa = PBXGroup;
			children = (
				A70CBD38275BAE4700AA5FB9 /* HomeView.swift */,
				A70CBD3A275BB0C300AA5FB9 /* HistoryView.swift */,
				A70CBCB427596ED800AA5FB9 /* ContentView.swift */,
			);
			path = Views;
			sourceTree = "<group>";
		};
		A7C125DE27654479007904F4 /* Model */ = {
			isa = PBXGroup;
			children = (
				A7C125E0276544DD007904F4 /* Expenses.swift */,
				A7C125E627668C57007904F4 /* DBItem.swift */,
			);
			path = Model;
			sourceTree = "<group>";
		};
		A7C125DF27654482007904F4 /* ViewModel */ = {
			isa = PBXGroup;
			children = (
				A7C125E32765469C007904F4 /* ExpensesManager.swift */,
				A7C125E827668D5B007904F4 /* DBViewModel.swift */,
			);
			path = ViewModel;
			sourceTree = "<group>";
		};
/* End PBXGroup section */

/* Begin PBXNativeTarget section */
		A70CBCB927596EDA00AA5FB9 /* coinflow (iOS) */ = {
			isa = PBXNativeTarget;
			buildConfigurationList = A70CBCE427596EDA00AA5FB9 /* Build configuration list for PBXNativeTarget "coinflow (iOS)" */;
			buildPhases = (
				A70CBCB627596EDA00AA5FB9 /* Sources */,
				A70CBCB727596EDA00AA5FB9 /* Frameworks */,
				A70CBCB827596EDA00AA5FB9 /* Resources */,
			);
			buildRules = (
			);
			dependencies = (
			);
			name = "coinflow (iOS)";
			packageProductDependencies = (
				A70CBD34275AC56C00AA5FB9 /* SwiftPieChart */,
				A70CBD3D275BD31900AA5FB9 /* Realm */,
				A70CBD3F275BD31900AA5FB9 /* RealmSwift */,
			);
			productName = "coinflow (iOS)";
			productReference = A70CBCBA27596EDA00AA5FB9 /* coinflow.app */;
			productType = "com.apple.product-type.application";
		};
		A70CBCC127596EDA00AA5FB9 /* coinflow (macOS) */ = {
			isa = PBXNativeTarget;
			buildConfigurationList = A70CBCE727596EDA00AA5FB9 /* Build configuration list for PBXNativeTarget "coinflow (macOS)" */;
			buildPhases = (
				A70CBCBE27596EDA00AA5FB9 /* Sources */,
				A70CBCBF27596EDA00AA5FB9 /* Frameworks */,
				A70CBCC027596EDA00AA5FB9 /* Resources */,
			);
			buildRules = (
			);
			dependencies = (
			);
			name = "coinflow (macOS)";
			productName = "coinflow (macOS)";
			productReference = A70CBCC227596EDA00AA5FB9 /* coinflow.app */;
			productType = "com.apple.product-type.application";
		};
		A70CBCC927596EDA00AA5FB9 /* Tests iOS */ = {
			isa = PBXNativeTarget;
			buildConfigurationList = A70CBCEA27596EDA00AA5FB9 /* Build configuration list for PBXNativeTarget "Tests iOS" */;
			buildPhases = (
				A70CBCC627596EDA00AA5FB9 /* Sources */,
				A70CBCC727596EDA00AA5FB9 /* Frameworks */,
				A70CBCC827596EDA00AA5FB9 /* Resources */,
			);
			buildRules = (
			);
			dependencies = (
				A70CBCCC27596EDA00AA5FB9 /* PBXTargetDependency */,
			);
			name = "Tests iOS";
			productName = "Tests iOS";
			productReference = A70CBCCA27596EDA00AA5FB9 /* Tests iOS.xctest */;
			productType = "com.apple.product-type.bundle.ui-testing";
		};
		A70CBCD427596EDA00AA5FB9 /* Tests macOS */ = {
			isa = PBXNativeTarget;
			buildConfigurationList = A70CBCED27596EDA00AA5FB9 /* Build configuration list for PBXNativeTarget "Tests macOS" */;
			buildPhases = (
				A70CBCD127596EDA00AA5FB9 /* Sources */,
				A70CBCD227596EDA00AA5FB9 /* Frameworks */,
				A70CBCD327596EDA00AA5FB9 /* Resources */,
			);
			buildRules = (
			);
			dependencies = (
				A70CBCD727596EDA00AA5FB9 /* PBXTargetDependency */,
			);
			name = "Tests macOS";
			productName = "Tests macOS";
			productReference = A70CBCD527596EDA00AA5FB9 /* Tests macOS.xctest */;
			productType = "com.apple.product-type.bundle.ui-testing";
		};
/* End PBXNativeTarget section */

/* Begin PBXProject section */
		A70CBCAE27596ED800AA5FB9 /* Project object */ = {
			isa = PBXProject;
			attributes = {
				LastSwiftUpdateCheck = 1250;
				LastUpgradeCheck = 1250;
				TargetAttributes = {
					A70CBCB927596EDA00AA5FB9 = {
						CreatedOnToolsVersion = 12.5.1;
					};
					A70CBCC127596EDA00AA5FB9 = {
						CreatedOnToolsVersion = 12.5.1;
					};
					A70CBCC927596EDA00AA5FB9 = {
						CreatedOnToolsVersion = 12.5.1;
						TestTargetID = A70CBCB927596EDA00AA5FB9;
					};
					A70CBCD427596EDA00AA5FB9 = {
						CreatedOnToolsVersion = 12.5.1;
						TestTargetID = A70CBCC127596EDA00AA5FB9;
					};
				};
			};
			buildConfigurationList = A70CBCB127596ED800AA5FB9 /* Build configuration list for PBXProject "coinflow" */;
			compatibilityVersion = "Xcode 9.3";
			developmentRegion = en;
			hasScannedForEncodings = 0;
			knownRegions = (
				en,
				Base,
			);
			mainGroup = A70CBCAD27596ED800AA5FB9;
			packageReferences = (
				A70CBD33275AC56B00AA5FB9 /* XCRemoteSwiftPackageReference "SwiftPieChart" */,
				A70CBD3C275BD31900AA5FB9 /* XCRemoteSwiftPackageReference "realm-cocoa" */,
			);
			productRefGroup = A70CBCBB27596EDA00AA5FB9 /* Products */;
			projectDirPath = "";
			projectRoot = "";
			targets = (
				A70CBCB927596EDA00AA5FB9 /* coinflow (iOS) */,
				A70CBCC127596EDA00AA5FB9 /* coinflow (macOS) */,
				A70CBCC927596EDA00AA5FB9 /* Tests iOS */,
				A70CBCD427596EDA00AA5FB9 /* Tests macOS */,
			);
		};
/* End PBXProject section */

/* Begin PBXResourcesBuildPhase section */
		A70CBCB827596EDA00AA5FB9 /* Resources */ = {
			isa = PBXResourcesBuildPhase;
			buildActionMask = 2147483647;
			files = (
				A70CBCE027596EDA00AA5FB9 /* Assets.xcassets in Resources */,
			);
			runOnlyForDeploymentPostprocessing = 0;
		};
		A70CBCC027596EDA00AA5FB9 /* Resources */ = {
			isa = PBXResourcesBuildPhase;
			buildActionMask = 2147483647;
			files = (
				A70CBCE127596EDA00AA5FB9 /* Assets.xcassets in Resources */,
			);
			runOnlyForDeploymentPostprocessing = 0;
		};
		A70CBCC827596EDA00AA5FB9 /* Resources */ = {
			isa = PBXResourcesBuildPhase;
			buildActionMask = 2147483647;
			files = (
			);
			runOnlyForDeploymentPostprocessing = 0;
		};
		A70CBCD327596EDA00AA5FB9 /* Resources */ = {
			isa = PBXResourcesBuildPhase;
			buildActionMask = 2147483647;
			files = (
			);
			runOnlyForDeploymentPostprocessing = 0;
		};
/* End PBXResourcesBuildPhase section */

/* Begin PBXSourcesBuildPhase section */
		A70CBCB627596EDA00AA5FB9 /* Sources */ = {
			isa = PBXSourcesBuildPhase;
			buildActionMask = 2147483647;
			files = (
				A7C125E1276544DD007904F4 /* Expenses.swift in Sources */,
				A7C125E727668C57007904F4 /* DBItem.swift in Sources */,
				A7C125EB2769DB3D007904F4 /* Test.swift in Sources */,
				A70CBD39275BAE4700AA5FB9 /* HomeView.swift in Sources */,
				A7C125E42765469C007904F4 /* ExpensesManager.swift in Sources */,
				A70CBD3B275BB0C300AA5FB9 /* HistoryView.swift in Sources */,
				A70CBCDE27596EDA00AA5FB9 /* ContentView.swift in Sources */,
				A7C125E927668D5B007904F4 /* DBViewModel.swift in Sources */,
				A70CBCDC27596EDA00AA5FB9 /* coinflowApp.swift in Sources */,
			);
			runOnlyForDeploymentPostprocessing = 0;
		};
		A70CBCBE27596EDA00AA5FB9 /* Sources */ = {
			isa = PBXSourcesBuildPhase;
			buildActionMask = 2147483647;
			files = (
				A70CBCDF27596EDA00AA5FB9 /* ContentView.swift in Sources */,
				A7C125E52765486B007904F4 /* HistoryView.swift in Sources */,
				A70CBCDD27596EDA00AA5FB9 /* coinflowApp.swift in Sources */,
			);
			runOnlyForDeploymentPostprocessing = 0;
		};
		A70CBCC627596EDA00AA5FB9 /* Sources */ = {
			isa = PBXSourcesBuildPhase;
			buildActionMask = 2147483647;
			files = (
				A70CBCCF27596EDA00AA5FB9 /* Tests_iOS.swift in Sources */,
			);
			runOnlyForDeploymentPostprocessing = 0;
		};
		A70CBCD127596EDA00AA5FB9 /* Sources */ = {
			isa = PBXSourcesBuildPhase;
			buildActionMask = 2147483647;
			files = (
				A70CBCDA27596EDA00AA5FB9 /* Tests_macOS.swift in Sources */,
			);
			runOnlyForDeploymentPostprocessing = 0;
		};
/* End PBXSourcesBuildPhase section */

/* Begin PBXTargetDependency section */
		A70CBCCC27596EDA00AA5FB9 /* PBXTargetDependency */ = {
			isa = PBXTargetDependency;
			target = A70CBCB927596EDA00AA5FB9 /* coinflow (iOS) */;
			targetProxy = A70CBCCB27596EDA00AA5FB9 /* PBXContainerItemProxy */;
		};
		A70CBCD727596EDA00AA5FB9 /* PBXTargetDependency */ = {
			isa = PBXTargetDependency;
			target = A70CBCC127596EDA00AA5FB9 /* coinflow (macOS) */;
			targetProxy = A70CBCD627596EDA00AA5FB9 /* PBXContainerItemProxy */;
		};
/* End PBXTargetDependency section */

/* Begin XCBuildConfiguration section */
		A70CBCE227596EDA00AA5FB9 /* Debug */ = {
			isa = XCBuildConfiguration;
			buildSettings = {
				ALWAYS_SEARCH_USER_PATHS = NO;
				CLANG_ANALYZER_NONNULL = YES;
				CLANG_ANALYZER_NUMBER_OBJECT_CONVERSION = YES_AGGRESSIVE;
				CLANG_CXX_LANGUAGE_STANDARD = "gnu++14";
				CLANG_CXX_LIBRARY = "libc++";
				CLANG_ENABLE_MODULES = YES;
				CLANG_ENABLE_OBJC_ARC = YES;
				CLANG_ENABLE_OBJC_WEAK = YES;
				CLANG_WARN_BLOCK_CAPTURE_AUTORELEASING = YES;
				CLANG_WARN_BOOL_CONVERSION = YES;
				CLANG_WARN_COMMA = YES;
				CLANG_WARN_CONSTANT_CONVERSION = YES;
				CLANG_WARN_DEPRECATED_OBJC_IMPLEMENTATIONS = YES;
				CLANG_WARN_DIRECT_OBJC_ISA_USAGE = YES_ERROR;
				CLANG_WARN_DOCUMENTATION_COMMENTS = YES;
				CLANG_WARN_EMPTY_BODY = YES;
				CLANG_WARN_ENUM_CONVERSION = YES;
				CLANG_WARN_INFINITE_RECURSION = YES;
				CLANG_WARN_INT_CONVERSION = YES;
				CLANG_WARN_NON_LITERAL_NULL_CONVERSION = YES;
				CLANG_WARN_OBJC_IMPLICIT_RETAIN_SELF = YES;
				CLANG_WARN_OBJC_LITERAL_CONVERSION = YES;
				CLANG_WARN_OBJC_ROOT_CLASS = YES_ERROR;
				CLANG_WARN_QUOTED_INCLUDE_IN_FRAMEWORK_HEADER = YES;
				CLANG_WARN_RANGE_LOOP_ANALYSIS = YES;
				CLANG_WARN_STRICT_PROTOTYPES = YES;
				CLANG_WARN_SUSPICIOUS_MOVE = YES;
				CLANG_WARN_UNGUARDED_AVAILABILITY = YES_AGGRESSIVE;
				CLANG_WARN_UNREACHABLE_CODE = YES;
				CLANG_WARN__DUPLICATE_METHOD_MATCH = YES;
				COPY_PHASE_STRIP = NO;
				DEBUG_INFORMATION_FORMAT = dwarf;
				ENABLE_STRICT_OBJC_MSGSEND = YES;
				ENABLE_TESTABILITY = YES;
				GCC_C_LANGUAGE_STANDARD = gnu11;
				GCC_DYNAMIC_NO_PIC = NO;
				GCC_NO_COMMON_BLOCKS = YES;
				GCC_OPTIMIZATION_LEVEL = 0;
				GCC_PREPROCESSOR_DEFINITIONS = (
					"DEBUG=1",
					"$(inherited)",
				);
				GCC_WARN_64_TO_32_BIT_CONVERSION = YES;
				GCC_WARN_ABOUT_RETURN_TYPE = YES_ERROR;
				GCC_WARN_UNDECLARED_SELECTOR = YES;
				GCC_WARN_UNINITIALIZED_AUTOS = YES_AGGRESSIVE;
				GCC_WARN_UNUSED_FUNCTION = YES;
				GCC_WARN_UNUSED_VARIABLE = YES;
				MTL_ENABLE_DEBUG_INFO = INCLUDE_SOURCE;
				MTL_FAST_MATH = YES;
				ONLY_ACTIVE_ARCH = YES;
				SWIFT_ACTIVE_COMPILATION_CONDITIONS = DEBUG;
				SWIFT_OPTIMIZATION_LEVEL = "-Onone";
			};
			name = Debug;
		};
		A70CBCE327596EDA00AA5FB9 /* Release */ = {
			isa = XCBuildConfiguration;
			buildSettings = {
				ALWAYS_SEARCH_USER_PATHS = NO;
				CLANG_ANALYZER_NONNULL = YES;
				CLANG_ANALYZER_NUMBER_OBJECT_CONVERSION = YES_AGGRESSIVE;
				CLANG_CXX_LANGUAGE_STANDARD = "gnu++14";
				CLANG_CXX_LIBRARY = "libc++";
				CLANG_ENABLE_MODULES = YES;
				CLANG_ENABLE_OBJC_ARC = YES;
				CLANG_ENABLE_OBJC_WEAK = YES;
				CLANG_WARN_BLOCK_CAPTURE_AUTORELEASING = YES;
				CLANG_WARN_BOOL_CONVERSION = YES;
				CLANG_WARN_COMMA = YES;
				CLANG_WARN_CONSTANT_CONVERSION = YES;
				CLANG_WARN_DEPRECATED_OBJC_IMPLEMENTATIONS = YES;
				CLANG_WARN_DIRECT_OBJC_ISA_USAGE = YES_ERROR;
				CLANG_WARN_DOCUMENTATION_COMMENTS = YES;
				CLANG_WARN_EMPTY_BODY = YES;
				CLANG_WARN_ENUM_CONVERSION = YES;
				CLANG_WARN_INFINITE_RECURSION = YES;
				CLANG_WARN_INT_CONVERSION = YES;
				CLANG_WARN_NON_LITERAL_NULL_CONVERSION = YES;
				CLANG_WARN_OBJC_IMPLICIT_RETAIN_SELF = YES;
				CLANG_WARN_OBJC_LITERAL_CONVERSION = YES;
				CLANG_WARN_OBJC_ROOT_CLASS = YES_ERROR;
				CLANG_WARN_QUOTED_INCLUDE_IN_FRAMEWORK_HEADER = YES;
				CLANG_WARN_RANGE_LOOP_ANALYSIS = YES;
				CLANG_WARN_STRICT_PROTOTYPES = YES;
				CLANG_WARN_SUSPICIOUS_MOVE = YES;
				CLANG_WARN_UNGUARDED_AVAILABILITY = YES_AGGRESSIVE;
				CLANG_WARN_UNREACHABLE_CODE = YES;
				CLANG_WARN__DUPLICATE_METHOD_MATCH = YES;
				COPY_PHASE_STRIP = NO;
				DEBUG_INFORMATION_FORMAT = "dwarf-with-dsym";
				ENABLE_NS_ASSERTIONS = NO;
				ENABLE_STRICT_OBJC_MSGSEND = YES;
				GCC_C_LANGUAGE_STANDARD = gnu11;
				GCC_NO_COMMON_BLOCKS = YES;
				GCC_WARN_64_TO_32_BIT_CONVERSION = YES;
				GCC_WARN_ABOUT_RETURN_TYPE = YES_ERROR;
				GCC_WARN_UNDECLARED_SELECTOR = YES;
				GCC_WARN_UNINITIALIZED_AUTOS = YES_AGGRESSIVE;
				GCC_WARN_UNUSED_FUNCTION = YES;
				GCC_WARN_UNUSED_VARIABLE = YES;
				MTL_ENABLE_DEBUG_INFO = NO;
				MTL_FAST_MATH = YES;
				SWIFT_COMPILATION_MODE = wholemodule;
				SWIFT_OPTIMIZATION_LEVEL = "-O";
			};
			name = Release;
		};
		A70CBCE527596EDA00AA5FB9 /* Debug */ = {
			isa = XCBuildConfiguration;
			buildSettings = {
				ASSETCATALOG_COMPILER_APPICON_NAME = AppIcon;
				ASSETCATALOG_COMPILER_GLOBAL_ACCENT_COLOR_NAME = AccentColor;
				CODE_SIGN_STYLE = Automatic;
				DEVELOPMENT_TEAM = ZWFS959S8X;
				ENABLE_PREVIEWS = YES;
				INFOPLIST_FILE = iOS/Info.plist;
				IPHONEOS_DEPLOYMENT_TARGET = 14.0;
				LD_RUNPATH_SEARCH_PATHS = (
					"$(inherited)",
					"@executable_path/Frameworks",
				);
				PRODUCT_BUNDLE_IDENTIFIER = rfe.coinflow;
				PRODUCT_NAME = coinflow;
				SDKROOT = iphoneos;
				SWIFT_VERSION = 5.0;
				TARGETED_DEVICE_FAMILY = "1,2";
			};
			name = Debug;
		};
		A70CBCE627596EDA00AA5FB9 /* Release */ = {
			isa = XCBuildConfiguration;
			buildSettings = {
				ASSETCATALOG_COMPILER_APPICON_NAME = AppIcon;
				ASSETCATALOG_COMPILER_GLOBAL_ACCENT_COLOR_NAME = AccentColor;
				CODE_SIGN_STYLE = Automatic;
				DEVELOPMENT_TEAM = ZWFS959S8X;
				ENABLE_PREVIEWS = YES;
				INFOPLIST_FILE = iOS/Info.plist;
				IPHONEOS_DEPLOYMENT_TARGET = 14.0;
				LD_RUNPATH_SEARCH_PATHS = (
					"$(inherited)",
					"@executable_path/Frameworks",
				);
				PRODUCT_BUNDLE_IDENTIFIER = rfe.coinflow;
				PRODUCT_NAME = coinflow;
				SDKROOT = iphoneos;
				SWIFT_VERSION = 5.0;
				TARGETED_DEVICE_FAMILY = "1,2";
				VALIDATE_PRODUCT = YES;
			};
			name = Release;
		};
		A70CBCE827596EDA00AA5FB9 /* Debug */ = {
			isa = XCBuildConfiguration;
			buildSettings = {
				ASSETCATALOG_COMPILER_APPICON_NAME = AppIcon;
				ASSETCATALOG_COMPILER_GLOBAL_ACCENT_COLOR_NAME = AccentColor;
				CODE_SIGN_ENTITLEMENTS = macOS/macOS.entitlements;
				CODE_SIGN_STYLE = Automatic;
				COMBINE_HIDPI_IMAGES = YES;
				ENABLE_PREVIEWS = YES;
				INFOPLIST_FILE = macOS/Info.plist;
				LD_RUNPATH_SEARCH_PATHS = (
					"$(inherited)",
					"@executable_path/../Frameworks",
				);
				MACOSX_DEPLOYMENT_TARGET = 11.0;
				PRODUCT_BUNDLE_IDENTIFIER = rfe.coinflow;
				PRODUCT_NAME = coinflow;
				SDKROOT = macosx;
				SWIFT_VERSION = 5.0;
			};
			name = Debug;
		};
		A70CBCE927596EDA00AA5FB9 /* Release */ = {
			isa = XCBuildConfiguration;
			buildSettings = {
				ASSETCATALOG_COMPILER_APPICON_NAME = AppIcon;
				ASSETCATALOG_COMPILER_GLOBAL_ACCENT_COLOR_NAME = AccentColor;
				CODE_SIGN_ENTITLEMENTS = macOS/macOS.entitlements;
				CODE_SIGN_STYLE = Automatic;
				COMBINE_HIDPI_IMAGES = YES;
				ENABLE_PREVIEWS = YES;
				INFOPLIST_FILE = macOS/Info.plist;
				LD_RUNPATH_SEARCH_PATHS = (
					"$(inherited)",
					"@executable_path/../Frameworks",
				);
				MACOSX_DEPLOYMENT_TARGET = 11.0;
				PRODUCT_BUNDLE_IDENTIFIER = rfe.coinflow;
				PRODUCT_NAME = coinflow;
				SDKROOT = macosx;
				SWIFT_VERSION = 5.0;
			};
			name = Release;
		};
		A70CBCEB27596EDA00AA5FB9 /* Debug */ = {
			isa = XCBuildConfiguration;
			buildSettings = {
				ALWAYS_EMBED_SWIFT_STANDARD_LIBRARIES = YES;
				CODE_SIGN_STYLE = Automatic;
				INFOPLIST_FILE = "Tests iOS/Info.plist";
				IPHONEOS_DEPLOYMENT_TARGET = 14.5;
				LD_RUNPATH_SEARCH_PATHS = (
					"$(inherited)",
					"@executable_path/Frameworks",
					"@loader_path/Frameworks",
				);
				PRODUCT_BUNDLE_IDENTIFIER = "rfe.Tests-iOS";
				PRODUCT_NAME = "$(TARGET_NAME)";
				SDKROOT = iphoneos;
				SWIFT_VERSION = 5.0;
				TARGETED_DEVICE_FAMILY = "1,2";
				TEST_TARGET_NAME = "coinflow (iOS)";
			};
			name = Debug;
		};
		A70CBCEC27596EDA00AA5FB9 /* Release */ = {
			isa = XCBuildConfiguration;
			buildSettings = {
				ALWAYS_EMBED_SWIFT_STANDARD_LIBRARIES = YES;
				CODE_SIGN_STYLE = Automatic;
				INFOPLIST_FILE = "Tests iOS/Info.plist";
				IPHONEOS_DEPLOYMENT_TARGET = 14.5;
				LD_RUNPATH_SEARCH_PATHS = (
					"$(inherited)",
					"@executable_path/Frameworks",
					"@loader_path/Frameworks",
				);
				PRODUCT_BUNDLE_IDENTIFIER = "rfe.Tests-iOS";
				PRODUCT_NAME = "$(TARGET_NAME)";
				SDKROOT = iphoneos;
				SWIFT_VERSION = 5.0;
				TARGETED_DEVICE_FAMILY = "1,2";
				TEST_TARGET_NAME = "coinflow (iOS)";
				VALIDATE_PRODUCT = YES;
			};
			name = Release;
		};
		A70CBCEE27596EDA00AA5FB9 /* Debug */ = {
			isa = XCBuildConfiguration;
			buildSettings = {
				ALWAYS_EMBED_SWIFT_STANDARD_LIBRARIES = YES;
				CODE_SIGN_STYLE = Automatic;
				COMBINE_HIDPI_IMAGES = YES;
				INFOPLIST_FILE = "Tests macOS/Info.plist";
				LD_RUNPATH_SEARCH_PATHS = (
					"$(inherited)",
					"@executable_path/../Frameworks",
					"@loader_path/../Frameworks",
				);
				MACOSX_DEPLOYMENT_TARGET = 11.3;
				PRODUCT_BUNDLE_IDENTIFIER = "rfe.Tests-macOS";
				PRODUCT_NAME = "$(TARGET_NAME)";
				SDKROOT = macosx;
				SWIFT_VERSION = 5.0;
				TEST_TARGET_NAME = "coinflow (macOS)";
			};
			name = Debug;
		};
		A70CBCEF27596EDA00AA5FB9 /* Release */ = {
			isa = XCBuildConfiguration;
			buildSettings = {
				ALWAYS_EMBED_SWIFT_STANDARD_LIBRARIES = YES;
				CODE_SIGN_STYLE = Automatic;
				COMBINE_HIDPI_IMAGES = YES;
				INFOPLIST_FILE = "Tests macOS/Info.plist";
				LD_RUNPATH_SEARCH_PATHS = (
					"$(inherited)",
					"@executable_path/../Frameworks",
					"@loader_path/../Frameworks",
				);
				MACOSX_DEPLOYMENT_TARGET = 11.3;
				PRODUCT_BUNDLE_IDENTIFIER = "rfe.Tests-macOS";
				PRODUCT_NAME = "$(TARGET_NAME)";
				SDKROOT = macosx;
				SWIFT_VERSION = 5.0;
				TEST_TARGET_NAME = "coinflow (macOS)";
			};
			name = Release;
		};
/* End XCBuildConfiguration section */

/* Begin XCConfigurationList section */
		A70CBCB127596ED800AA5FB9 /* Build configuration list for PBXProject "coinflow" */ = {
			isa = XCConfigurationList;
			buildConfigurations = (
				A70CBCE227596EDA00AA5FB9 /* Debug */,
				A70CBCE327596EDA00AA5FB9 /* Release */,
			);
			defaultConfigurationIsVisible = 0;
			defaultConfigurationName = Release;
		};
		A70CBCE427596EDA00AA5FB9 /* Build configuration list for PBXNativeTarget "coinflow (iOS)" */ = {
			isa = XCConfigurationList;
			buildConfigurations = (
				A70CBCE527596EDA00AA5FB9 /* Debug */,
				A70CBCE627596EDA00AA5FB9 /* Release */,
			);
			defaultConfigurationIsVisible = 0;
			defaultConfigurationName = Release;
		};
		A70CBCE727596EDA00AA5FB9 /* Build configuration list for PBXNativeTarget "coinflow (macOS)" */ = {
			isa = XCConfigurationList;
			buildConfigurations = (
				A70CBCE827596EDA00AA5FB9 /* Debug */,
				A70CBCE927596EDA00AA5FB9 /* Release */,
			);
			defaultConfigurationIsVisible = 0;
			defaultConfigurationName = Release;
		};
		A70CBCEA27596EDA00AA5FB9 /* Build configuration list for PBXNativeTarget "Tests iOS" */ = {
			isa = XCConfigurationList;
			buildConfigurations = (
				A70CBCEB27596EDA00AA5FB9 /* Debug */,
				A70CBCEC27596EDA00AA5FB9 /* Release */,
			);
			defaultConfigurationIsVisible = 0;
			defaultConfigurationName = Release;
		};
		A70CBCED27596EDA00AA5FB9 /* Build configuration list for PBXNativeTarget "Tests macOS" */ = {
			isa = XCConfigurationList;
			buildConfigurations = (
				A70CBCEE27596EDA00AA5FB9 /* Debug */,
				A70CBCEF27596EDA00AA5FB9 /* Release */,
			);
			defaultConfigurationIsVisible = 0;
			defaultConfigurationName = Release;
		};
/* End XCConfigurationList section */

/* Begin XCRemoteSwiftPackageReference section */
		A70CBD33275AC56B00AA5FB9 /* XCRemoteSwiftPackageReference "SwiftPieChart" */ = {
			isa = XCRemoteSwiftPackageReference;
			repositoryURL = "https://github.com/ilamanov/SwiftPieChart";
			requirement = {
				kind = upToNextMajorVersion;
				minimumVersion = 1.0.61;
			};
		};
		A70CBD3C275BD31900AA5FB9 /* XCRemoteSwiftPackageReference "realm-cocoa" */ = {
			isa = XCRemoteSwiftPackageReference;
			repositoryURL = "https://github.com/realm/realm-cocoa.git";
			requirement = {
				kind = upToNextMajorVersion;
				minimumVersion = 10.20.0;
			};
		};
/* End XCRemoteSwiftPackageReference section */

/* Begin XCSwiftPackageProductDependency section */
		A70CBD34275AC56C00AA5FB9 /* SwiftPieChart */ = {
			isa = XCSwiftPackageProductDependency;
			package = A70CBD33275AC56B00AA5FB9 /* XCRemoteSwiftPackageReference "SwiftPieChart" */;
			productName = SwiftPieChart;
		};
		A70CBD3D275BD31900AA5FB9 /* Realm */ = {
			isa = XCSwiftPackageProductDependency;
			package = A70CBD3C275BD31900AA5FB9 /* XCRemoteSwiftPackageReference "realm-cocoa" */;
			productName = Realm;
		};
		A70CBD3F275BD31900AA5FB9 /* RealmSwift */ = {
			isa = XCSwiftPackageProductDependency;
			package = A70CBD3C275BD31900AA5FB9 /* XCRemoteSwiftPackageReference "realm-cocoa" */;
			productName = RealmSwift;
		};
/* End XCSwiftPackageProductDependency section */
	};
	rootObject = A70CBCAE27596ED800AA5FB9 /* Project object */;
}
